
Microsoft Visual Studio Solution File, Format Version 12.00
Project("{FAE04EC0-301F-11D3-BF4B-00C04F79EFBC}") = "DarkmoonSession.API", "DarkmoonSession.API\DarkmoonSession.API.csproj", "{1E88B330-6F96-4D79-92DA-C4AF34A4646E}"
EndProject
Project("{FAE04EC0-301F-11D3-BF4B-00C04F79EFBC}") = "DarkmoomSession.DAL", "DarkmoomSession.DAL\DarkmoomSession.DAL.csproj", "{9C6C9369-D9CA-40F0-AAC0-0C2CD11084C9}"
EndProject
Global
	GlobalSection(SolutionConfigurationPlatforms) = preSolution
		Debug|Any CPU = Debug|Any CPU
		Release|Any CPU = Release|Any CPU
	EndGlobalSection
	GlobalSection(ProjectConfigurationPlatforms) = postSolution
		{1E88B330-6F96-4D79-92DA-C4AF34A4646E}.Debug|Any CPU.ActiveCfg = Debug|Any CPU
		{1E88B330-6F96-4D79-92DA-C4AF34A4646E}.Debug|Any CPU.Build.0 = Debug|Any CPU
		{1E88B330-6F96-4D79-92DA-C4AF34A4646E}.Release|Any CPU.ActiveCfg = Release|Any CPU
		{1E88B330-6F96-4D79-92DA-C4AF34A4646E}.Release|Any CPU.Build.0 = Release|Any CPU
		{9C6C9369-D9CA-40F0-AAC0-0C2CD11084C9}.Debug|Any CPU.ActiveCfg = Debug|Any CPU
		{9C6C9369-D9CA-40F0-AAC0-0C2CD11084C9}.Debug|Any CPU.Build.0 = Debug|Any CPU
		{9C6C9369-D9CA-40F0-AAC0-0C2CD11084C9}.Release|Any CPU.ActiveCfg = Release|Any CPU
		{9C6C9369-D9CA-40F0-AAC0-0C2CD11084C9}.Release|Any CPU.Build.0 = Release|Any CPU
	EndGlobalSection
EndGlobal
